
Microsoft Visual Studio Solution File, Format Version 12.00
# Visual Studio Version 17
VisualStudioVersion = 17.1.32210.238
MinimumVisualStudioVersion = 10.0.40219.1
Project("{FAE04EC0-301F-11D3-BF4B-00C04F79EFBC}") = "praktikum week8", "praktikum week8\praktikum week8.csproj", "{04E87FC3-444A-4BE9-B3D7-B0B00F604270}"
EndProject
Global
	GlobalSection(SolutionConfigurationPlatforms) = preSolution
		Debug|Any CPU = Debug|Any CPU
		Release|Any CPU = Release|Any CPU
	EndGlobalSection
	GlobalSection(ProjectConfigurationPlatforms) = postSolution
		{04E87FC3-444A-4BE9-B3D7-B0B00F604270}.Debug|Any CPU.ActiveCfg = Debug|Any CPU
		{04E87FC3-444A-4BE9-B3D7-B0B00F604270}.Debug|Any CPU.Build.0 = Debug|Any CPU
		{04E87FC3-444A-4BE9-B3D7-B0B00F604270}.Release|Any CPU.ActiveCfg = Release|Any CPU
		{04E87FC3-444A-4BE9-B3D7-B0B00F604270}.Release|Any CPU.Build.0 = Release|Any CPU
	EndGlobalSection
	GlobalSection(SolutionProperties) = preSolution
		HideSolutionNode = FALSE
	EndGlobalSection
	GlobalSection(ExtensibilityGlobals) = postSolution
		SolutionGuid = {C7304AC9-B219-45E6-85C6-ECB7DD34AF5E}
	EndGlobalSection
EndGlobal
